
Microsoft Visual Studio Solution File, Format Version 12.00
# Visual Studio 15
VisualStudioVersion = 15.0.26124.0
MinimumVisualStudioVersion = 15.0.26124.0
Project("{FAE04EC0-301F-11D3-BF4B-00C04F79EFBC}") = "ApiModel", "ApiModel\ApiModel.csproj", "{44C31296-2AC8-4766-ADFE-A11AF6CEA318}"
EndProject
Project("{FAE04EC0-301F-11D3-BF4B-00C04F79EFBC}") = "ApiController", "ApiController\ApiController.csproj", "{4F803870-E91F-4948-930A-73FB36C69B7D}"
EndProject
Global
	GlobalSection(SolutionConfigurationPlatforms) = preSolution
		Debug|Any CPU = Debug|Any CPU
		Debug|x64 = Debug|x64
		Debug|x86 = Debug|x86
		Release|Any CPU = Release|Any CPU
		Release|x64 = Release|x64
		Release|x86 = Release|x86
	EndGlobalSection
	GlobalSection(SolutionProperties) = preSolution
		HideSolutionNode = FALSE
	EndGlobalSection
	GlobalSection(ProjectConfigurationPlatforms) = postSolution
		{44C31296-2AC8-4766-ADFE-A11AF6CEA318}.Debug|Any CPU.ActiveCfg = Debug|Any CPU
		{44C31296-2AC8-4766-ADFE-A11AF6CEA318}.Debug|Any CPU.Build.0 = Debug|Any CPU
		{44C31296-2AC8-4766-ADFE-A11AF6CEA318}.Debug|x64.ActiveCfg = Debug|Any CPU
		{44C31296-2AC8-4766-ADFE-A11AF6CEA318}.Debug|x64.Build.0 = Debug|Any CPU
		{44C31296-2AC8-4766-ADFE-A11AF6CEA318}.Debug|x86.ActiveCfg = Debug|Any CPU
		{44C31296-2AC8-4766-ADFE-A11AF6CEA318}.Debug|x86.Build.0 = Debug|Any CPU
		{44C31296-2AC8-4766-ADFE-A11AF6CEA318}.Release|Any CPU.ActiveCfg = Release|Any CPU
		{44C31296-2AC8-4766-ADFE-A11AF6CEA318}.Release|Any CPU.Build.0 = Release|Any CPU
		{44C31296-2AC8-4766-ADFE-A11AF6CEA318}.Release|x64.ActiveCfg = Release|Any CPU
		{44C31296-2AC8-4766-ADFE-A11AF6CEA318}.Release|x64.Build.0 = Release|Any CPU
		{44C31296-2AC8-4766-ADFE-A11AF6CEA318}.Release|x86.ActiveCfg = Release|Any CPU
		{44C31296-2AC8-4766-ADFE-A11AF6CEA318}.Release|x86.Build.0 = Release|Any CPU
		{4F803870-E91F-4948-930A-73FB36C69B7D}.Debug|Any CPU.ActiveCfg = Debug|Any CPU
		{4F803870-E91F-4948-930A-73FB36C69B7D}.Debug|Any CPU.Build.0 = Debug|Any CPU
		{4F803870-E91F-4948-930A-73FB36C69B7D}.Debug|x64.ActiveCfg = Debug|Any CPU
		{4F803870-E91F-4948-930A-73FB36C69B7D}.Debug|x64.Build.0 = Debug|Any CPU
		{4F803870-E91F-4948-930A-73FB36C69B7D}.Debug|x86.ActiveCfg = Debug|Any CPU
		{4F803870-E91F-4948-930A-73FB36C69B7D}.Debug|x86.Build.0 = Debug|Any CPU
		{4F803870-E91F-4948-930A-73FB36C69B7D}.Release|Any CPU.ActiveCfg = Release|Any CPU
		{4F803870-E91F-4948-930A-73FB36C69B7D}.Release|Any CPU.Build.0 = Release|Any CPU
		{4F803870-E91F-4948-930A-73FB36C69B7D}.Release|x64.ActiveCfg = Release|Any CPU
		{4F803870-E91F-4948-930A-73FB36C69B7D}.Release|x64.Build.0 = Release|Any CPU
		{4F803870-E91F-4948-930A-73FB36C69B7D}.Release|x86.ActiveCfg = Release|Any CPU
		{4F803870-E91F-4948-930A-73FB36C69B7D}.Release|x86.Build.0 = Release|Any CPU
	EndGlobalSection
EndGlobal
